
Microsoft Visual Studio Solution File, Format Version 12.00
# Visual Studio Version 16
VisualStudioVersion = 16.0.30907.101
MinimumVisualStudioVersion = 10.0.40219.1
Project("{888888A0-9F3D-457C-B088-3A5042F75D52}") = "Pathfinding", "Pathfinding\Pathfinding.pyproj", "{96FFA050-D055-4705-8C23-ECD8483525DD}"
EndProject
Global
	GlobalSection(SolutionConfigurationPlatforms) = preSolution
		Debug|Any CPU = Debug|Any CPU
		Release|Any CPU = Release|Any CPU
	EndGlobalSection
	GlobalSection(ProjectConfigurationPlatforms) = postSolution
		{96FFA050-D055-4705-8C23-ECD8483525DD}.Debug|Any CPU.ActiveCfg = Debug|Any CPU
		{96FFA050-D055-4705-8C23-ECD8483525DD}.Release|Any CPU.ActiveCfg = Release|Any CPU
	EndGlobalSection
	GlobalSection(SolutionProperties) = preSolution
		HideSolutionNode = FALSE
	EndGlobalSection
	GlobalSection(ExtensibilityGlobals) = postSolution
		SolutionGuid = {0865F2DD-2C0E-4E12-9976-F54578435304}
	EndGlobalSection
EndGlobal
